
Microsoft Visual Studio Solution File, Format Version 11.00
# Visual Studio 2010
Project("{FAE04EC0-301F-11D3-BF4B-00C04F79EFBC}") = "Assembly-CSharp", "Assembly-CSharp.csproj", "{f10f6883-0c21-9896-32d2-f21d6e7ae946}"
EndProject
Project("{FAE04EC0-301F-11D3-BF4B-00C04F79EFBC}") = "Assembly-CSharp-Editor", "Assembly-CSharp-Editor.csproj", "{441553e0-a8f9-914b-b5aa-134a44c5b3e3}"
EndProject
Global
	GlobalSection(SolutionConfigurationPlatforms) = preSolution
		Debug|Any CPU = Debug|Any CPU
	EndGlobalSection
	GlobalSection(ProjectConfigurationPlatforms) = postSolution
		{f10f6883-0c21-9896-32d2-f21d6e7ae946}.Debug|Any CPU.ActiveCfg = Debug|Any CPU
		{f10f6883-0c21-9896-32d2-f21d6e7ae946}.Debug|Any CPU.Build.0 = Debug|Any CPU
		{441553e0-a8f9-914b-b5aa-134a44c5b3e3}.Debug|Any CPU.ActiveCfg = Debug|Any CPU
		{441553e0-a8f9-914b-b5aa-134a44c5b3e3}.Debug|Any CPU.Build.0 = Debug|Any CPU
	EndGlobalSection
	GlobalSection(SolutionProperties) = preSolution
		HideSolutionNode = FALSE
	EndGlobalSection
EndGlobal
