
Microsoft Visual Studio Solution File, Format Version 11.00
# Visual Studio 2010
Project("{FAE04EC0-301F-11D3-BF4B-00C04F79EFBC}") = "Assembly-CSharp", "Assembly-CSharp.csproj", "{579fc7ca-8d08-ba6e-9c8b-0f9dbaca57f6}"
EndProject
Project("{FAE04EC0-301F-11D3-BF4B-00C04F79EFBC}") = "Assembly-CSharp-Editor", "Assembly-CSharp-Editor.csproj", "{31ddcbe1-91dc-cf08-5313-4b489a54e79b}"
EndProject
Global
	GlobalSection(SolutionConfigurationPlatforms) = preSolution
		Debug|Any CPU = Debug|Any CPU
	EndGlobalSection
	GlobalSection(ProjectConfigurationPlatforms) = postSolution
		{579fc7ca-8d08-ba6e-9c8b-0f9dbaca57f6}.Debug|Any CPU.ActiveCfg = Debug|Any CPU
		{579fc7ca-8d08-ba6e-9c8b-0f9dbaca57f6}.Debug|Any CPU.Build.0 = Debug|Any CPU
		{31ddcbe1-91dc-cf08-5313-4b489a54e79b}.Debug|Any CPU.ActiveCfg = Debug|Any CPU
		{31ddcbe1-91dc-cf08-5313-4b489a54e79b}.Debug|Any CPU.Build.0 = Debug|Any CPU
	EndGlobalSection
	GlobalSection(SolutionProperties) = preSolution
		HideSolutionNode = FALSE
	EndGlobalSection
EndGlobal
